
Microsoft Visual Studio Solution File, Format Version 12.00
# Visual Studio Version 17
VisualStudioVersion = 17.7.34024.191
MinimumVisualStudioVersion = 10.0.40219.1
Project("{8BC9CEB8-8B4A-11D0-8D11-00A0C91BC942}") = "12-5", "12-5.vcxproj", "{BFD1197B-E7DC-4C17-98C9-2738DF84F35F}"
EndProject
Global
	GlobalSection(SolutionConfigurationPlatforms) = preSolution
		Debug|x64 = Debug|x64
		Debug|x86 = Debug|x86
		Release|x64 = Release|x64
		Release|x86 = Release|x86
	EndGlobalSection
	GlobalSection(ProjectConfigurationPlatforms) = postSolution
		{BFD1197B-E7DC-4C17-98C9-2738DF84F35F}.Debug|x64.ActiveCfg = Debug|x64
		{BFD1197B-E7DC-4C17-98C9-2738DF84F35F}.Debug|x64.Build.0 = Debug|x64
		{BFD1197B-E7DC-4C17-98C9-2738DF84F35F}.Debug|x86.ActiveCfg = Debug|Win32
		{BFD1197B-E7DC-4C17-98C9-2738DF84F35F}.Debug|x86.Build.0 = Debug|Win32
		{BFD1197B-E7DC-4C17-98C9-2738DF84F35F}.Release|x64.ActiveCfg = Release|x64
		{BFD1197B-E7DC-4C17-98C9-2738DF84F35F}.Release|x64.Build.0 = Release|x64
		{BFD1197B-E7DC-4C17-98C9-2738DF84F35F}.Release|x86.ActiveCfg = Release|Win32
		{BFD1197B-E7DC-4C17-98C9-2738DF84F35F}.Release|x86.Build.0 = Release|Win32
	EndGlobalSection
	GlobalSection(SolutionProperties) = preSolution
		HideSolutionNode = FALSE
	EndGlobalSection
	GlobalSection(ExtensibilityGlobals) = postSolution
		SolutionGuid = {9AFC31DF-43D4-4713-A2A6-941676817F5A}
	EndGlobalSection
EndGlobal
