
Microsoft Visual Studio Solution File, Format Version 12.00
# Visual Studio Version 17
VisualStudioVersion = 17.7.34024.191
MinimumVisualStudioVersion = 10.0.40219.1
Project("{8BC9CEB8-8B4A-11D0-8D11-00A0C91BC942}") = "15-5", "15-5.vcxproj", "{264A2A82-7EB5-4402-942A-C9619850CE51}"
EndProject
Global
	GlobalSection(SolutionConfigurationPlatforms) = preSolution
		Debug|x64 = Debug|x64
		Debug|x86 = Debug|x86
		Release|x64 = Release|x64
		Release|x86 = Release|x86
	EndGlobalSection
	GlobalSection(ProjectConfigurationPlatforms) = postSolution
		{264A2A82-7EB5-4402-942A-C9619850CE51}.Debug|x64.ActiveCfg = Debug|x64
		{264A2A82-7EB5-4402-942A-C9619850CE51}.Debug|x64.Build.0 = Debug|x64
		{264A2A82-7EB5-4402-942A-C9619850CE51}.Debug|x86.ActiveCfg = Debug|Win32
		{264A2A82-7EB5-4402-942A-C9619850CE51}.Debug|x86.Build.0 = Debug|Win32
		{264A2A82-7EB5-4402-942A-C9619850CE51}.Release|x64.ActiveCfg = Release|x64
		{264A2A82-7EB5-4402-942A-C9619850CE51}.Release|x64.Build.0 = Release|x64
		{264A2A82-7EB5-4402-942A-C9619850CE51}.Release|x86.ActiveCfg = Release|Win32
		{264A2A82-7EB5-4402-942A-C9619850CE51}.Release|x86.Build.0 = Release|Win32
	EndGlobalSection
	GlobalSection(SolutionProperties) = preSolution
		HideSolutionNode = FALSE
	EndGlobalSection
	GlobalSection(ExtensibilityGlobals) = postSolution
		SolutionGuid = {B604F2BC-BFAA-40AC-BF96-BAD2B21519F1}
	EndGlobalSection
EndGlobal
